
Microsoft Visual Studio Solution File, Format Version 12.00
# Visual Studio Version 17
VisualStudioVersion = 17.6.33815.320
MinimumVisualStudioVersion = 10.0.40219.1
Project("{8BC9CEB8-8B4A-11D0-8D11-00A0C91BC942}") = "DataContainers", "DataContainers\DataContainers.vcxproj", "{5442F152-8332-4270-AEF8-26E75A4378E0}"
EndProject
Project("{8BC9CEB8-8B4A-11D0-8D11-00A0C91BC942}") = "ForwardList", "ForwardList\ForwardList.vcxproj", "{048FE25A-AD19-4A72-B73C-15D168D65EFD}"
EndProject
Project("{8BC9CEB8-8B4A-11D0-8D11-00A0C91BC942}") = "List2", "List2\List2.vcxproj", "{474E8D69-89AC-412B-9108-D56BAC936939}"
EndProject
Project("{8BC9CEB8-8B4A-11D0-8D11-00A0C91BC942}") = "classList2", "classList2\classList2.vcxproj", "{03E8C976-0E77-42B7-9867-719FF29F0C8F}"
EndProject
Project("{8BC9CEB8-8B4A-11D0-8D11-00A0C91BC942}") = "class_List2", "class_List2\class_List2.vcxproj", "{C39263F3-D17F-43FD-80E6-CA6B82D2ACD2}"
EndProject
Global
	GlobalSection(SolutionConfigurationPlatforms) = preSolution
		Debug|x64 = Debug|x64
		Debug|x86 = Debug|x86
		Release|x64 = Release|x64
		Release|x86 = Release|x86
	EndGlobalSection
	GlobalSection(ProjectConfigurationPlatforms) = postSolution
		{5442F152-8332-4270-AEF8-26E75A4378E0}.Debug|x64.ActiveCfg = Debug|x64
		{5442F152-8332-4270-AEF8-26E75A4378E0}.Debug|x64.Build.0 = Debug|x64
		{5442F152-8332-4270-AEF8-26E75A4378E0}.Debug|x86.ActiveCfg = Debug|Win32
		{5442F152-8332-4270-AEF8-26E75A4378E0}.Debug|x86.Build.0 = Debug|Win32
		{5442F152-8332-4270-AEF8-26E75A4378E0}.Release|x64.ActiveCfg = Release|x64
		{5442F152-8332-4270-AEF8-26E75A4378E0}.Release|x64.Build.0 = Release|x64
		{5442F152-8332-4270-AEF8-26E75A4378E0}.Release|x86.ActiveCfg = Release|Win32
		{5442F152-8332-4270-AEF8-26E75A4378E0}.Release|x86.Build.0 = Release|Win32
		{048FE25A-AD19-4A72-B73C-15D168D65EFD}.Debug|x64.ActiveCfg = Debug|x64
		{048FE25A-AD19-4A72-B73C-15D168D65EFD}.Debug|x64.Build.0 = Debug|x64
		{048FE25A-AD19-4A72-B73C-15D168D65EFD}.Debug|x86.ActiveCfg = Debug|Win32
		{048FE25A-AD19-4A72-B73C-15D168D65EFD}.Debug|x86.Build.0 = Debug|Win32
		{048FE25A-AD19-4A72-B73C-15D168D65EFD}.Release|x64.ActiveCfg = Release|x64
		{048FE25A-AD19-4A72-B73C-15D168D65EFD}.Release|x64.Build.0 = Release|x64
		{048FE25A-AD19-4A72-B73C-15D168D65EFD}.Release|x86.ActiveCfg = Release|Win32
		{048FE25A-AD19-4A72-B73C-15D168D65EFD}.Release|x86.Build.0 = Release|Win32
		{474E8D69-89AC-412B-9108-D56BAC936939}.Debug|x64.ActiveCfg = Debug|x64
		{474E8D69-89AC-412B-9108-D56BAC936939}.Debug|x64.Build.0 = Debug|x64
		{474E8D69-89AC-412B-9108-D56BAC936939}.Debug|x86.ActiveCfg = Debug|Win32
		{474E8D69-89AC-412B-9108-D56BAC936939}.Debug|x86.Build.0 = Debug|Win32
		{474E8D69-89AC-412B-9108-D56BAC936939}.Release|x64.ActiveCfg = Release|x64
		{474E8D69-89AC-412B-9108-D56BAC936939}.Release|x64.Build.0 = Release|x64
		{474E8D69-89AC-412B-9108-D56BAC936939}.Release|x86.ActiveCfg = Release|Win32
		{474E8D69-89AC-412B-9108-D56BAC936939}.Release|x86.Build.0 = Release|Win32
		{03E8C976-0E77-42B7-9867-719FF29F0C8F}.Debug|x64.ActiveCfg = Debug|x64
		{03E8C976-0E77-42B7-9867-719FF29F0C8F}.Debug|x64.Build.0 = Debug|x64
		{03E8C976-0E77-42B7-9867-719FF29F0C8F}.Debug|x86.ActiveCfg = Debug|Win32
		{03E8C976-0E77-42B7-9867-719FF29F0C8F}.Debug|x86.Build.0 = Debug|Win32
		{03E8C976-0E77-42B7-9867-719FF29F0C8F}.Release|x64.ActiveCfg = Release|x64
		{03E8C976-0E77-42B7-9867-719FF29F0C8F}.Release|x64.Build.0 = Release|x64
		{03E8C976-0E77-42B7-9867-719FF29F0C8F}.Release|x86.ActiveCfg = Release|Win32
		{03E8C976-0E77-42B7-9867-719FF29F0C8F}.Release|x86.Build.0 = Release|Win32
		{C39263F3-D17F-43FD-80E6-CA6B82D2ACD2}.Debug|x64.ActiveCfg = Debug|x64
		{C39263F3-D17F-43FD-80E6-CA6B82D2ACD2}.Debug|x64.Build.0 = Debug|x64
		{C39263F3-D17F-43FD-80E6-CA6B82D2ACD2}.Debug|x86.ActiveCfg = Debug|Win32
		{C39263F3-D17F-43FD-80E6-CA6B82D2ACD2}.Debug|x86.Build.0 = Debug|Win32
		{C39263F3-D17F-43FD-80E6-CA6B82D2ACD2}.Release|x64.ActiveCfg = Release|x64
		{C39263F3-D17F-43FD-80E6-CA6B82D2ACD2}.Release|x64.Build.0 = Release|x64
		{C39263F3-D17F-43FD-80E6-CA6B82D2ACD2}.Release|x86.ActiveCfg = Release|Win32
		{C39263F3-D17F-43FD-80E6-CA6B82D2ACD2}.Release|x86.Build.0 = Release|Win32
	EndGlobalSection
	GlobalSection(SolutionProperties) = preSolution
		HideSolutionNode = FALSE
	EndGlobalSection
	GlobalSection(ExtensibilityGlobals) = postSolution
		SolutionGuid = {CC4F3E41-13BD-44F0-9974-A563467E5166}
	EndGlobalSection
EndGlobal
